
Microsoft Visual Studio Solution File, Format Version 12.00
# Visual Studio Version 17
VisualStudioVersion = 17.0.31717.71
MinimumVisualStudioVersion = 10.0.40219.1
Project("{2150E333-8FDC-42A3-9474-1A3956D46DE8}") = "FrontEnd", "FrontEnd", "{B7FEF2AA-C6F2-4039-BDC6-B72FADF9CB8C}"
EndProject
Project("{2150E333-8FDC-42A3-9474-1A3956D46DE8}") = "BackEnd", "BackEnd", "{72CF21D0-5C8D-4073-99C4-8CB96A768B80}"
EndProject
Project("{FAE04EC0-301F-11D3-BF4B-00C04F79EFBC}") = "appWeb", "01 - FrontEnd\appWeb\appWeb.csproj", "{53CCC9E7-4C07-4FEE-BAAC-81CA57232613}"
EndProject
Project("{2150E333-8FDC-42A3-9474-1A3956D46DE8}") = "01 - Application", "01 - Application", "{5358E2B3-B6C0-4F20-BCF2-2B366DE7EF90}"
EndProject
Project("{2150E333-8FDC-42A3-9474-1A3956D46DE8}") = "02 - Domain", "02 - Domain", "{06C6A133-3844-46A6-8A9F-4DE0FA01F498}"
EndProject
Project("{2150E333-8FDC-42A3-9474-1A3956D46DE8}") = "03 - InfraStructure", "03 - InfraStructure", "{36F31A35-FEF4-4FAE-BA46-471FD99E2F7D}"
EndProject
Project("{2150E333-8FDC-42A3-9474-1A3956D46DE8}") = "04 - Tests", "04 - Tests", "{14998844-9D70-48D2-811B-50F29FD12A57}"
EndProject
Project("{FAE04EC0-301F-11D3-BF4B-00C04F79EFBC}") = "webApi", "02 - BackEnd\webApi\webApi.csproj", "{E8D809AA-932F-441C-B024-B66F6A6B298C}"
EndProject
Project("{FAE04EC0-301F-11D3-BF4B-00C04F79EFBC}") = "WebMotors.Domain", "02 - BackEnd\WebMotors.Domain\WebMotors.Domain.csproj", "{42AE9297-283D-4CDD-AFD8-0946B9AC4F81}"
EndProject
Project("{FAE04EC0-301F-11D3-BF4B-00C04F79EFBC}") = "WebMotors.Domain.Core", "02 - BackEnd\WebMotors.Domain.Core\WebMotors.Domain.Core.csproj", "{7C55D20F-3176-47BA-8FAA-FBEFAE0A93CD}"
EndProject
Project("{FAE04EC0-301F-11D3-BF4B-00C04F79EFBC}") = "WebMotors.Domain.Services", "02 - BackEnd\WebMotors.Domain.Services\WebMotors.Domain.Services.csproj", "{18F61B52-D713-4D62-A46B-51B747549751}"
EndProject
Project("{FAE04EC0-301F-11D3-BF4B-00C04F79EFBC}") = "WebMotors.InfraStructure.Ioc", "02 - BackEnd\WebMotors.InfraStructure.Ioc\WebMotors.InfraStructure.Ioc.csproj", "{FDB3AC45-D2FB-4D22-B2D2-A03372BCA9C7}"
EndProject
Project("{FAE04EC0-301F-11D3-BF4B-00C04F79EFBC}") = "WebMotors.InfraStructure.Data", "02 - BackEnd\WebMotors.InfraStructure.Data\WebMotors.InfraStructure.Data.csproj", "{5980E4F4-D22C-40A7-8768-2E77413B9011}"
EndProject
Project("{FAE04EC0-301F-11D3-BF4B-00C04F79EFBC}") = "WebMotors.Tests", "02 - BackEnd\WebMotors.Tests\WebMotors.Tests.csproj", "{7FAEEEC5-E603-4D00-95CF-7B827069954D}"
EndProject
Global
	GlobalSection(SolutionConfigurationPlatforms) = preSolution
		Debug|Any CPU = Debug|Any CPU
		Release|Any CPU = Release|Any CPU
	EndGlobalSection
	GlobalSection(ProjectConfigurationPlatforms) = postSolution
		{53CCC9E7-4C07-4FEE-BAAC-81CA57232613}.Debug|Any CPU.ActiveCfg = Debug|Any CPU
		{53CCC9E7-4C07-4FEE-BAAC-81CA57232613}.Debug|Any CPU.Build.0 = Debug|Any CPU
		{53CCC9E7-4C07-4FEE-BAAC-81CA57232613}.Release|Any CPU.ActiveCfg = Release|Any CPU
		{53CCC9E7-4C07-4FEE-BAAC-81CA57232613}.Release|Any CPU.Build.0 = Release|Any CPU
		{E8D809AA-932F-441C-B024-B66F6A6B298C}.Debug|Any CPU.ActiveCfg = Debug|Any CPU
		{E8D809AA-932F-441C-B024-B66F6A6B298C}.Debug|Any CPU.Build.0 = Debug|Any CPU
		{E8D809AA-932F-441C-B024-B66F6A6B298C}.Release|Any CPU.ActiveCfg = Release|Any CPU
		{E8D809AA-932F-441C-B024-B66F6A6B298C}.Release|Any CPU.Build.0 = Release|Any CPU
		{42AE9297-283D-4CDD-AFD8-0946B9AC4F81}.Debug|Any CPU.ActiveCfg = Debug|Any CPU
		{42AE9297-283D-4CDD-AFD8-0946B9AC4F81}.Debug|Any CPU.Build.0 = Debug|Any CPU
		{42AE9297-283D-4CDD-AFD8-0946B9AC4F81}.Release|Any CPU.ActiveCfg = Release|Any CPU
		{42AE9297-283D-4CDD-AFD8-0946B9AC4F81}.Release|Any CPU.Build.0 = Release|Any CPU
		{7C55D20F-3176-47BA-8FAA-FBEFAE0A93CD}.Debug|Any CPU.ActiveCfg = Debug|Any CPU
		{7C55D20F-3176-47BA-8FAA-FBEFAE0A93CD}.Debug|Any CPU.Build.0 = Debug|Any CPU
		{7C55D20F-3176-47BA-8FAA-FBEFAE0A93CD}.Release|Any CPU.ActiveCfg = Release|Any CPU
		{7C55D20F-3176-47BA-8FAA-FBEFAE0A93CD}.Release|Any CPU.Build.0 = Release|Any CPU
		{18F61B52-D713-4D62-A46B-51B747549751}.Debug|Any CPU.ActiveCfg = Debug|Any CPU
		{18F61B52-D713-4D62-A46B-51B747549751}.Debug|Any CPU.Build.0 = Debug|Any CPU
		{18F61B52-D713-4D62-A46B-51B747549751}.Release|Any CPU.ActiveCfg = Release|Any CPU
		{18F61B52-D713-4D62-A46B-51B747549751}.Release|Any CPU.Build.0 = Release|Any CPU
		{FDB3AC45-D2FB-4D22-B2D2-A03372BCA9C7}.Debug|Any CPU.ActiveCfg = Debug|Any CPU
		{FDB3AC45-D2FB-4D22-B2D2-A03372BCA9C7}.Debug|Any CPU.Build.0 = Debug|Any CPU
		{FDB3AC45-D2FB-4D22-B2D2-A03372BCA9C7}.Release|Any CPU.ActiveCfg = Release|Any CPU
		{FDB3AC45-D2FB-4D22-B2D2-A03372BCA9C7}.Release|Any CPU.Build.0 = Release|Any CPU
		{5980E4F4-D22C-40A7-8768-2E77413B9011}.Debug|Any CPU.ActiveCfg = Debug|Any CPU
		{5980E4F4-D22C-40A7-8768-2E77413B9011}.Debug|Any CPU.Build.0 = Debug|Any CPU
		{5980E4F4-D22C-40A7-8768-2E77413B9011}.Release|Any CPU.ActiveCfg = Release|Any CPU
		{5980E4F4-D22C-40A7-8768-2E77413B9011}.Release|Any CPU.Build.0 = Release|Any CPU
		{7FAEEEC5-E603-4D00-95CF-7B827069954D}.Debug|Any CPU.ActiveCfg = Debug|Any CPU
		{7FAEEEC5-E603-4D00-95CF-7B827069954D}.Debug|Any CPU.Build.0 = Debug|Any CPU
		{7FAEEEC5-E603-4D00-95CF-7B827069954D}.Release|Any CPU.ActiveCfg = Release|Any CPU
		{7FAEEEC5-E603-4D00-95CF-7B827069954D}.Release|Any CPU.Build.0 = Release|Any CPU
	EndGlobalSection
	GlobalSection(SolutionProperties) = preSolution
		HideSolutionNode = FALSE
	EndGlobalSection
	GlobalSection(NestedProjects) = preSolution
		{53CCC9E7-4C07-4FEE-BAAC-81CA57232613} = {B7FEF2AA-C6F2-4039-BDC6-B72FADF9CB8C}
		{5358E2B3-B6C0-4F20-BCF2-2B366DE7EF90} = {72CF21D0-5C8D-4073-99C4-8CB96A768B80}
		{06C6A133-3844-46A6-8A9F-4DE0FA01F498} = {72CF21D0-5C8D-4073-99C4-8CB96A768B80}
		{36F31A35-FEF4-4FAE-BA46-471FD99E2F7D} = {72CF21D0-5C8D-4073-99C4-8CB96A768B80}
		{14998844-9D70-48D2-811B-50F29FD12A57} = {72CF21D0-5C8D-4073-99C4-8CB96A768B80}
		{E8D809AA-932F-441C-B024-B66F6A6B298C} = {5358E2B3-B6C0-4F20-BCF2-2B366DE7EF90}
		{42AE9297-283D-4CDD-AFD8-0946B9AC4F81} = {06C6A133-3844-46A6-8A9F-4DE0FA01F498}
		{7C55D20F-3176-47BA-8FAA-FBEFAE0A93CD} = {06C6A133-3844-46A6-8A9F-4DE0FA01F498}
		{18F61B52-D713-4D62-A46B-51B747549751} = {06C6A133-3844-46A6-8A9F-4DE0FA01F498}
		{FDB3AC45-D2FB-4D22-B2D2-A03372BCA9C7} = {36F31A35-FEF4-4FAE-BA46-471FD99E2F7D}
		{5980E4F4-D22C-40A7-8768-2E77413B9011} = {36F31A35-FEF4-4FAE-BA46-471FD99E2F7D}
		{7FAEEEC5-E603-4D00-95CF-7B827069954D} = {14998844-9D70-48D2-811B-50F29FD12A57}
	EndGlobalSection
	GlobalSection(ExtensibilityGlobals) = postSolution
		SolutionGuid = {04DF636B-3CB9-43DB-B4A6-BB6C3CD8306F}
	EndGlobalSection
EndGlobal
